
Microsoft Visual Studio Solution File, Format Version 12.00
# Visual Studio 15
VisualStudioVersion = 15.0.27703.2000
MinimumVisualStudioVersion = 10.0.40219.1
Project("{FAE04EC0-301F-11D3-BF4B-00C04F79EFBC}") = "Service", "Service\Service.csproj", "{2757CD13-FA34-40B4-B75C-2DF29ECD53E8}"
EndProject
Project("{FAE04EC0-301F-11D3-BF4B-00C04F79EFBC}") = "Api", "Api\Api.csproj", "{5ED7C0D3-CDFE-44FE-91F2-449F45567C0A}"
EndProject
Project("{FAE04EC0-301F-11D3-BF4B-00C04F79EFBC}") = "Server", "Server\Server.csproj", "{AAAAEBF3-F6F7-46E2-87D3-65C9FC5F638D}"
EndProject
Global
	GlobalSection(SolutionConfigurationPlatforms) = preSolution
		Debug|Any CPU = Debug|Any CPU
		Release|Any CPU = Release|Any CPU
	EndGlobalSection
	GlobalSection(ProjectConfigurationPlatforms) = postSolution
		{2757CD13-FA34-40B4-B75C-2DF29ECD53E8}.Debug|Any CPU.ActiveCfg = Debug|Any CPU
		{2757CD13-FA34-40B4-B75C-2DF29ECD53E8}.Debug|Any CPU.Build.0 = Debug|Any CPU
		{2757CD13-FA34-40B4-B75C-2DF29ECD53E8}.Release|Any CPU.ActiveCfg = Release|Any CPU
		{2757CD13-FA34-40B4-B75C-2DF29ECD53E8}.Release|Any CPU.Build.0 = Release|Any CPU
		{5ED7C0D3-CDFE-44FE-91F2-449F45567C0A}.Debug|Any CPU.ActiveCfg = Debug|Any CPU
		{5ED7C0D3-CDFE-44FE-91F2-449F45567C0A}.Debug|Any CPU.Build.0 = Debug|Any CPU
		{5ED7C0D3-CDFE-44FE-91F2-449F45567C0A}.Release|Any CPU.ActiveCfg = Release|Any CPU
		{5ED7C0D3-CDFE-44FE-91F2-449F45567C0A}.Release|Any CPU.Build.0 = Release|Any CPU
		{AAAAEBF3-F6F7-46E2-87D3-65C9FC5F638D}.Debug|Any CPU.ActiveCfg = Debug|Any CPU
		{AAAAEBF3-F6F7-46E2-87D3-65C9FC5F638D}.Debug|Any CPU.Build.0 = Debug|Any CPU
		{AAAAEBF3-F6F7-46E2-87D3-65C9FC5F638D}.Release|Any CPU.ActiveCfg = Release|Any CPU
		{AAAAEBF3-F6F7-46E2-87D3-65C9FC5F638D}.Release|Any CPU.Build.0 = Release|Any CPU
	EndGlobalSection
	GlobalSection(SolutionProperties) = preSolution
		HideSolutionNode = FALSE
	EndGlobalSection
	GlobalSection(ExtensibilityGlobals) = postSolution
		SolutionGuid = {08121431-DF4B-48E9-A7E8-A19AC99E8F3F}
	EndGlobalSection
EndGlobal
