
Microsoft Visual Studio Solution File, Format Version 12.00
# Visual Studio 15
VisualStudioVersion = 15.0.28010.2036
MinimumVisualStudioVersion = 10.0.40219.1
Project("{FAE04EC0-301F-11D3-BF4B-00C04F79EFBC}") = "Live", "Live\Live.csproj", "{72580C97-D4D0-41D9-9C53-7A81B35AB121}"
EndProject
Global
	GlobalSection(SolutionConfigurationPlatforms) = preSolution
		Debug|Any CPU = Debug|Any CPU
		Release|Any CPU = Release|Any CPU
	EndGlobalSection
	GlobalSection(ProjectConfigurationPlatforms) = postSolution
		{72580C97-D4D0-41D9-9C53-7A81B35AB121}.Debug|Any CPU.ActiveCfg = Debug|Any CPU
		{72580C97-D4D0-41D9-9C53-7A81B35AB121}.Debug|Any CPU.Build.0 = Debug|Any CPU
		{72580C97-D4D0-41D9-9C53-7A81B35AB121}.Release|Any CPU.ActiveCfg = Release|Any CPU
		{72580C97-D4D0-41D9-9C53-7A81B35AB121}.Release|Any CPU.Build.0 = Release|Any CPU
	EndGlobalSection
	GlobalSection(SolutionProperties) = preSolution
		HideSolutionNode = FALSE
	EndGlobalSection
	GlobalSection(ExtensibilityGlobals) = postSolution
		SolutionGuid = {10D6541C-E02E-4E00-AFB7-5AA255144075}
	EndGlobalSection
EndGlobal
